
Microsoft Visual Studio Solution File, Format Version 12.00
# Visual Studio 15
VisualStudioVersion = 15.0.28307.705
MinimumVisualStudioVersion = 10.0.40219.1
Project("{FAE04EC0-301F-11D3-BF4B-00C04F79EFBC}") = "CQIE.RIS.Domain", "CQIE.OVS.Domain\CQIE.RIS.Domain.csproj", "{D23BAC42-9B84-4601-AA0B-E39EDF1B2265}"
EndProject
Project("{FAE04EC0-301F-11D3-BF4B-00C04F79EFBC}") = "CQIE.RIS.Component", "CQIE.OVS.Component\CQIE.RIS.Component.csproj", "{23F48842-2B26-4164-A743-F6DAF33EE263}"
EndProject
Project("{FAE04EC0-301F-11D3-BF4B-00C04F79EFBC}") = "CQIE.RIS.Core", "CQIE.OVS.Core\CQIE.RIS.Core.csproj", "{F8D892FE-1750-4BD4-B721-CAA23221AAC2}"
EndProject
Project("{FAE04EC0-301F-11D3-BF4B-00C04F79EFBC}") = "CQIE.RIS.Manager", "CQIE.OVS.Manager\CQIE.RIS.Manager.csproj", "{3F887AB3-CC5A-47FB-846C-69AA99A34576}"
EndProject
Project("{FAE04EC0-301F-11D3-BF4B-00C04F79EFBC}") = "CQIE.RIS.Service", "CQIE.OVS.Service\CQIE.RIS.Service.csproj", "{D8C2A996-6F9A-41E2-8FA8-046480335F1E}"
EndProject
Project("{FAE04EC0-301F-11D3-BF4B-00C04F79EFBC}") = "CQIE.RIS.Web", "CQIE.OVS.Web\CQIE.RIS.Web.csproj", "{73737A74-819B-4456-9F33-1E4276DFAABA}"
EndProject
Global
	GlobalSection(SolutionConfigurationPlatforms) = preSolution
		Debug|Any CPU = Debug|Any CPU
		Release|Any CPU = Release|Any CPU
	EndGlobalSection
	GlobalSection(ProjectConfigurationPlatforms) = postSolution
		{D23BAC42-9B84-4601-AA0B-E39EDF1B2265}.Debug|Any CPU.ActiveCfg = Debug|Any CPU
		{D23BAC42-9B84-4601-AA0B-E39EDF1B2265}.Debug|Any CPU.Build.0 = Debug|Any CPU
		{D23BAC42-9B84-4601-AA0B-E39EDF1B2265}.Release|Any CPU.ActiveCfg = Release|Any CPU
		{D23BAC42-9B84-4601-AA0B-E39EDF1B2265}.Release|Any CPU.Build.0 = Release|Any CPU
		{23F48842-2B26-4164-A743-F6DAF33EE263}.Debug|Any CPU.ActiveCfg = Debug|Any CPU
		{23F48842-2B26-4164-A743-F6DAF33EE263}.Debug|Any CPU.Build.0 = Debug|Any CPU
		{23F48842-2B26-4164-A743-F6DAF33EE263}.Release|Any CPU.ActiveCfg = Release|Any CPU
		{23F48842-2B26-4164-A743-F6DAF33EE263}.Release|Any CPU.Build.0 = Release|Any CPU
		{F8D892FE-1750-4BD4-B721-CAA23221AAC2}.Debug|Any CPU.ActiveCfg = Debug|Any CPU
		{F8D892FE-1750-4BD4-B721-CAA23221AAC2}.Debug|Any CPU.Build.0 = Debug|Any CPU
		{F8D892FE-1750-4BD4-B721-CAA23221AAC2}.Release|Any CPU.ActiveCfg = Release|Any CPU
		{F8D892FE-1750-4BD4-B721-CAA23221AAC2}.Release|Any CPU.Build.0 = Release|Any CPU
		{3F887AB3-CC5A-47FB-846C-69AA99A34576}.Debug|Any CPU.ActiveCfg = Debug|Any CPU
		{3F887AB3-CC5A-47FB-846C-69AA99A34576}.Debug|Any CPU.Build.0 = Debug|Any CPU
		{3F887AB3-CC5A-47FB-846C-69AA99A34576}.Release|Any CPU.ActiveCfg = Release|Any CPU
		{3F887AB3-CC5A-47FB-846C-69AA99A34576}.Release|Any CPU.Build.0 = Release|Any CPU
		{D8C2A996-6F9A-41E2-8FA8-046480335F1E}.Debug|Any CPU.ActiveCfg = Debug|Any CPU
		{D8C2A996-6F9A-41E2-8FA8-046480335F1E}.Debug|Any CPU.Build.0 = Debug|Any CPU
		{D8C2A996-6F9A-41E2-8FA8-046480335F1E}.Release|Any CPU.ActiveCfg = Release|Any CPU
		{D8C2A996-6F9A-41E2-8FA8-046480335F1E}.Release|Any CPU.Build.0 = Release|Any CPU
		{73737A74-819B-4456-9F33-1E4276DFAABA}.Debug|Any CPU.ActiveCfg = Debug|Any CPU
		{73737A74-819B-4456-9F33-1E4276DFAABA}.Debug|Any CPU.Build.0 = Debug|Any CPU
		{73737A74-819B-4456-9F33-1E4276DFAABA}.Release|Any CPU.ActiveCfg = Release|Any CPU
		{73737A74-819B-4456-9F33-1E4276DFAABA}.Release|Any CPU.Build.0 = Release|Any CPU
	EndGlobalSection
	GlobalSection(SolutionProperties) = preSolution
		HideSolutionNode = FALSE
	EndGlobalSection
	GlobalSection(ExtensibilityGlobals) = postSolution
		SolutionGuid = {35E5CF00-E300-4938-AD18-AC92F4FAFB6E}
	EndGlobalSection
EndGlobal
